# This file is generated by running "yarn install" inside your project.
# Manual changes might be lost - proceed with caution!

__metadata:
  version: 8
  cacheKey: 10c0

"@emnapi/core@npm:^1.4.3":
  version: 1.4.4
  resolution: "@emnapi/core@npm:1.4.4"
  dependencies:
    "@emnapi/wasi-threads": "npm:1.0.3"
    tslib: "npm:^2.4.0"
  checksum: 10c0/a3a87b384de7c87edc8d64dfbd0c695fb8e9c8547d2d53f284b15415cfea29150f933cb21017dc4d0fa9dbfb2b544d23c77da7cde8c82f21e68323db50a829dd
  languageName: node
  linkType: hard

"@emnapi/runtime@npm:^1.4.3":
  version: 1.4.4
  resolution: "@emnapi/runtime@npm:1.4.4"
  dependencies:
    tslib: "npm:^2.4.0"
  checksum: 10c0/ec91747af3104ac34d4767fab922c8fe78ddc8ec83af3e3fb0edbf63cdb683fb8582be36afda7d48249fe729d4a31c34752c6e051770a762a68bce67a7408189
  languageName: node
  linkType: hard

"@emnapi/wasi-threads@npm:1.0.3":
  version: 1.0.3
  resolution: "@emnapi/wasi-threads@npm:1.0.3"
  dependencies:
    tslib: "npm:^2.4.0"
  checksum: 10c0/00cae4dd64143cca21a3aedbf64a7a5528a5991b69bcc0b7306812ff31a3fdc4aaf5bc9413a29fbd5d577c78aae49db4fc4e736d013aec5d416b5a64d403f391
  languageName: node
  linkType: hard

"@inquirer/checkbox@npm:^4.1.9":
  version: 4.1.9
  resolution: "@inquirer/checkbox@npm:4.1.9"
  dependencies:
    "@inquirer/core": "npm:^10.1.14"
    "@inquirer/figures": "npm:^1.0.12"
    "@inquirer/type": "npm:^3.0.7"
    ansi-escapes: "npm:^4.3.2"
    yoctocolors-cjs: "npm:^2.1.2"
  peerDependencies:
    "@types/node": ">=18"
  peerDependenciesMeta:
    "@types/node":
      optional: true
  checksum: 10c0/d1a93c31f3dad37f060bfdb6a8ba53f2cd36cfca7766c464c34aa95ecf691956c32be2f5b71cc8633ed7581452a04ab7b3a025d662270460d21b25069651ed42
  languageName: node
  linkType: hard

"@inquirer/confirm@npm:^5.1.13":
  version: 5.1.13
  resolution: "@inquirer/confirm@npm:5.1.13"
  dependencies:
    "@inquirer/core": "npm:^10.1.14"
    "@inquirer/type": "npm:^3.0.7"
  peerDependencies:
    "@types/node": ">=18"
  peerDependenciesMeta:
    "@types/node":
      optional: true
  checksum: 10c0/e09af25c4b4f51fdc7c6780e2325217515d3970a8baab3597ae27ea8d0ed68527c19b3ae95f85eeb62d880f6e8a0f3bff91277f0f46e092e993ca18ad17e4993
  languageName: node
  linkType: hard

"@inquirer/core@npm:^10.1.14":
  version: 10.1.14
  resolution: "@inquirer/core@npm:10.1.14"
  dependencies:
    "@inquirer/figures": "npm:^1.0.12"
    "@inquirer/type": "npm:^3.0.7"
    ansi-escapes: "npm:^4.3.2"
    cli-width: "npm:^4.1.0"
    mute-stream: "npm:^2.0.0"
    signal-exit: "npm:^4.1.0"
    wrap-ansi: "npm:^6.2.0"
    yoctocolors-cjs: "npm:^2.1.2"
  peerDependencies:
    "@types/node": ">=18"
  peerDependenciesMeta:
    "@types/node":
      optional: true
  checksum: 10c0/2553eb059201ebb182eb8e55a278ce3f2848a3abdfcf26e651b57b146f35baa19a286af0365ee5968b4459a1be93864ebf205a7af32fed8f995b394750a1d1f4
  languageName: node
  linkType: hard

"@inquirer/editor@npm:^4.2.14":
  version: 4.2.14
  resolution: "@inquirer/editor@npm:4.2.14"
  dependencies:
    "@inquirer/core": "npm:^10.1.14"
    "@inquirer/type": "npm:^3.0.7"
    external-editor: "npm:^3.1.0"
  peerDependencies:
    "@types/node": ">=18"
  peerDependenciesMeta:
    "@types/node":
      optional: true
  checksum: 10c0/40e85b4a598f3541f96185c61f0a5ba9abf9385f28cef8b8a1f9570729bbb98f32c80e98e4ce63bd3d07d4011b770d945587d9c6eecce3b03eb2ec08bd7f37ea
  languageName: node
  linkType: hard

"@inquirer/expand@npm:^4.0.16":
  version: 4.0.16
  resolution: "@inquirer/expand@npm:4.0.16"
  dependencies:
    "@inquirer/core": "npm:^10.1.14"
    "@inquirer/type": "npm:^3.0.7"
    yoctocolors-cjs: "npm:^2.1.2"
  peerDependencies:
    "@types/node": ">=18"
  peerDependenciesMeta:
    "@types/node":
      optional: true
  checksum: 10c0/919e314c5bd86b957b491eff6aa79c990908b7898fc5d02968920be7866449d9dbf9bc33831eab922682e60b98553d753d1a3de6667fa6b1aa6443f457732713
  languageName: node
  linkType: hard

"@inquirer/figures@npm:^1.0.12":
  version: 1.0.12
  resolution: "@inquirer/figures@npm:1.0.12"
  checksum: 10c0/08694288bdf9aa474571ca94272113a5ac443229519ce71447eba9eb7d5a2007901bdc3e92216d929a69746dcbac29683886c20e67b7864a7c7f6c59b99d3269
  languageName: node
  linkType: hard

"@inquirer/input@npm:^4.2.0":
  version: 4.2.0
  resolution: "@inquirer/input@npm:4.2.0"
  dependencies:
    "@inquirer/core": "npm:^10.1.14"
    "@inquirer/type": "npm:^3.0.7"
  peerDependencies:
    "@types/node": ">=18"
  peerDependenciesMeta:
    "@types/node":
      optional: true
  checksum: 10c0/c9b671bbb8c8079e975c9138951b7abb6b06e04a44e47286b659569080140f5f18015ba3f2d55e90c5060a313a3c3e9e115138feced7abe7a94a43190a052199
  languageName: node
  linkType: hard

"@inquirer/number@npm:^3.0.16":
  version: 3.0.16
  resolution: "@inquirer/number@npm:3.0.16"
  dependencies:
    "@inquirer/core": "npm:^10.1.14"
    "@inquirer/type": "npm:^3.0.7"
  peerDependencies:
    "@types/node": ">=18"
  peerDependenciesMeta:
    "@types/node":
      optional: true
  checksum: 10c0/066230f02cd253fe26cd78493c7c20b59063c8c2de5c8f5fadcaf4eb8650efc9e6555ba7d3703cc9ba7a751663f60e62e24b4a319d9536afa7ced7459e9b2320
  languageName: node
  linkType: hard

"@inquirer/password@npm:^4.0.16":
  version: 4.0.16
  resolution: "@inquirer/password@npm:4.0.16"
  dependencies:
    "@inquirer/core": "npm:^10.1.14"
    "@inquirer/type": "npm:^3.0.7"
    ansi-escapes: "npm:^4.3.2"
  peerDependencies:
    "@types/node": ">=18"
  peerDependenciesMeta:
    "@types/node":
      optional: true
  checksum: 10c0/b77c57ba152b50c640cd77637d1ed23662059689546e33b235937e7e108fbbf72b9b5c61834c545f74f1d18d5c836ef5a0dc78da31ea6affe9842c3471a27325
  languageName: node
  linkType: hard

"@inquirer/prompts@npm:^7.4.0":
  version: 7.6.0
  resolution: "@inquirer/prompts@npm:7.6.0"
  dependencies:
    "@inquirer/checkbox": "npm:^4.1.9"
    "@inquirer/confirm": "npm:^5.1.13"
    "@inquirer/editor": "npm:^4.2.14"
    "@inquirer/expand": "npm:^4.0.16"
    "@inquirer/input": "npm:^4.2.0"
    "@inquirer/number": "npm:^3.0.16"
    "@inquirer/password": "npm:^4.0.16"
    "@inquirer/rawlist": "npm:^4.1.4"
    "@inquirer/search": "npm:^3.0.16"
    "@inquirer/select": "npm:^4.2.4"
  peerDependencies:
    "@types/node": ">=18"
  peerDependenciesMeta:
    "@types/node":
      optional: true
  checksum: 10c0/a00186a71388308a1bc83bd96fef14c702b6cfa34ecd7c7cf880405295b25aefd18a3b79363d788c9c31a2aa5e30732d21467a5b716fc35cc5fd303745ff2218
  languageName: node
  linkType: hard

"@inquirer/rawlist@npm:^4.1.4":
  version: 4.1.4
  resolution: "@inquirer/rawlist@npm:4.1.4"
  dependencies:
    "@inquirer/core": "npm:^10.1.14"
    "@inquirer/type": "npm:^3.0.7"
    yoctocolors-cjs: "npm:^2.1.2"
  peerDependencies:
    "@types/node": ">=18"
  peerDependenciesMeta:
    "@types/node":
      optional: true
  checksum: 10c0/2ee08bbdd982e4d565dc37b38b4f45e5a040ea1e60e3f8ec808106c1b541585e9a5c3a18f795ae2168820695ad55fb88b2e391c3a0d616a4e74620250292e2d3
  languageName: node
  linkType: hard

"@inquirer/search@npm:^3.0.16":
  version: 3.0.16
  resolution: "@inquirer/search@npm:3.0.16"
  dependencies:
    "@inquirer/core": "npm:^10.1.14"
    "@inquirer/figures": "npm:^1.0.12"
    "@inquirer/type": "npm:^3.0.7"
    yoctocolors-cjs: "npm:^2.1.2"
  peerDependencies:
    "@types/node": ">=18"
  peerDependenciesMeta:
    "@types/node":
      optional: true
  checksum: 10c0/34330cec50dd72669cdee14a413e7b43dee0e09c8f181a86ccfbdac424b6296e39dcc3c5992168d06c8f5e4cab54644913d5281723fa7a0f454c2c3cafeea192
  languageName: node
  linkType: hard

"@inquirer/select@npm:^4.2.4":
  version: 4.2.4
  resolution: "@inquirer/select@npm:4.2.4"
  dependencies:
    "@inquirer/core": "npm:^10.1.14"
    "@inquirer/figures": "npm:^1.0.12"
    "@inquirer/type": "npm:^3.0.7"
    ansi-escapes: "npm:^4.3.2"
    yoctocolors-cjs: "npm:^2.1.2"
  peerDependencies:
    "@types/node": ">=18"
  peerDependenciesMeta:
    "@types/node":
      optional: true
  checksum: 10c0/8c2dff78f331a52862252ffbc2ad1b8b91cbc556c2af1e6acc5878855ffff7048bb45eefa53e0ef4fbf5310361d9986d10c2882c2355f815e05d635cab9bb679
  languageName: node
  linkType: hard

"@inquirer/type@npm:^3.0.7":
  version: 3.0.7
  resolution: "@inquirer/type@npm:3.0.7"
  peerDependencies:
    "@types/node": ">=18"
  peerDependenciesMeta:
    "@types/node":
      optional: true
  checksum: 10c0/bbaa33c274a10f70d3a587264e1db6dbfcd8c1458d595c54870d1d5b3fc113ab5063203ec12a098485bb9e2fcef1a87d8c6ecd2a6d44ddc575f5c4715379be5e
  languageName: node
  linkType: hard

"@napi-rs/cli@npm:^3.0.0":
  version: 3.0.0
  resolution: "@napi-rs/cli@npm:3.0.0"
  dependencies:
    "@inquirer/prompts": "npm:^7.4.0"
    "@napi-rs/cross-toolchain": "npm:^0.0.19"
    "@napi-rs/wasm-tools": "npm:^0.0.3"
    "@octokit/rest": "npm:^22.0.0"
    clipanion: "npm:^4.0.0-rc.4"
    colorette: "npm:^2.0.20"
    debug: "npm:^4.4.0"
    emnapi: "npm:^1.4.0"
    find-up: "npm:^7.0.0"
    js-yaml: "npm:^4.1.0"
    lodash-es: "npm:^4.17.21"
    semver: "npm:^7.7.1"
    typanion: "npm:^3.14.0"
    wasm-sjlj: "npm:^1.0.6"
  peerDependencies:
    "@emnapi/runtime": ^1.1.0
    emnapi: ^1.1.0
  peerDependenciesMeta:
    "@emnapi/runtime":
      optional: true
    emnapi:
      optional: true
  bin:
    napi: ./dist/cli.js
    napi-raw: ./cli.mjs
  checksum: 10c0/b0ef4e408078f0b3605f13e3de79de6efb692b2de698db86bb51525bfd9f178488f810ae71f334910f4d109f75536ac32672ae01f2ef582b37bb6840e0718f28
  languageName: node
  linkType: hard

"@napi-rs/cross-toolchain@npm:^0.0.19":
  version: 0.0.19
  resolution: "@napi-rs/cross-toolchain@npm:0.0.19"
  dependencies:
    "@napi-rs/lzma": "npm:^1.4.1"
    "@napi-rs/tar": "npm:^0.1.4"
    debug: "npm:^4.4.0"
  peerDependencies:
    "@napi-rs/cross-toolchain-arm64-target-aarch64": ^0.0.19
    "@napi-rs/cross-toolchain-arm64-target-armv7": ^0.0.19
    "@napi-rs/cross-toolchain-arm64-target-x86_64": ^0.0.19
    "@napi-rs/cross-toolchain-x64-target-aarch64": ^0.0.19
    "@napi-rs/cross-toolchain-x64-target-armv7": ^0.0.19
    "@napi-rs/cross-toolchain-x64-target-x86_64": ^0.0.19
  peerDependenciesMeta:
    "@napi-rs/cross-toolchain-arm64-target-aarch64":
      optional: true
    "@napi-rs/cross-toolchain-arm64-target-armv7":
      optional: true
    "@napi-rs/cross-toolchain-arm64-target-x86_64":
      optional: true
    "@napi-rs/cross-toolchain-x64-target-aarch64":
      optional: true
    "@napi-rs/cross-toolchain-x64-target-armv7":
      optional: true
    "@napi-rs/cross-toolchain-x64-target-x86_64":
      optional: true
  checksum: 10c0/6084567d9d86a818bf600d354aefa88aebad6bd0d76de3e41b50b652dc47cdb2056e7482a68870665ecc9e74dd67fcf9fbc9c02057cec9aa17510b4adbabb326
  languageName: node
  linkType: hard

"@napi-rs/lzma-android-arm-eabi@npm:1.4.3":
  version: 1.4.3
  resolution: "@napi-rs/lzma-android-arm-eabi@npm:1.4.3"
  conditions: os=android & cpu=arm
  languageName: node
  linkType: hard

"@napi-rs/lzma-android-arm64@npm:1.4.3":
  version: 1.4.3
  resolution: "@napi-rs/lzma-android-arm64@npm:1.4.3"
  conditions: os=android & cpu=arm64
  languageName: node
  linkType: hard

"@napi-rs/lzma-darwin-arm64@npm:1.4.3":
  version: 1.4.3
  resolution: "@napi-rs/lzma-darwin-arm64@npm:1.4.3"
  conditions: os=darwin & cpu=arm64
  languageName: node
  linkType: hard

"@napi-rs/lzma-darwin-x64@npm:1.4.3":
  version: 1.4.3
  resolution: "@napi-rs/lzma-darwin-x64@npm:1.4.3"
  conditions: os=darwin & cpu=x64
  languageName: node
  linkType: hard

"@napi-rs/lzma-freebsd-x64@npm:1.4.3":
  version: 1.4.3
  resolution: "@napi-rs/lzma-freebsd-x64@npm:1.4.3"
  conditions: os=freebsd & cpu=x64
  languageName: node
  linkType: hard

"@napi-rs/lzma-linux-arm-gnueabihf@npm:1.4.3":
  version: 1.4.3
  resolution: "@napi-rs/lzma-linux-arm-gnueabihf@npm:1.4.3"
  conditions: os=linux & cpu=arm
  languageName: node
  linkType: hard

"@napi-rs/lzma-linux-arm64-gnu@npm:1.4.3":
  version: 1.4.3
  resolution: "@napi-rs/lzma-linux-arm64-gnu@npm:1.4.3"
  conditions: os=linux & cpu=arm64 & libc=glibc
  languageName: node
  linkType: hard

"@napi-rs/lzma-linux-arm64-musl@npm:1.4.3":
  version: 1.4.3
  resolution: "@napi-rs/lzma-linux-arm64-musl@npm:1.4.3"
  conditions: os=linux & cpu=arm64 & libc=musl
  languageName: node
  linkType: hard

"@napi-rs/lzma-linux-ppc64-gnu@npm:1.4.3":
  version: 1.4.3
  resolution: "@napi-rs/lzma-linux-ppc64-gnu@npm:1.4.3"
  conditions: os=linux & cpu=ppc64 & libc=glibc
  languageName: node
  linkType: hard

"@napi-rs/lzma-linux-riscv64-gnu@npm:1.4.3":
  version: 1.4.3
  resolution: "@napi-rs/lzma-linux-riscv64-gnu@npm:1.4.3"
  conditions: os=linux & cpu=riscv64 & libc=glibc
  languageName: node
  linkType: hard

"@napi-rs/lzma-linux-s390x-gnu@npm:1.4.3":
  version: 1.4.3
  resolution: "@napi-rs/lzma-linux-s390x-gnu@npm:1.4.3"
  conditions: os=linux & cpu=s390x & libc=glibc
  languageName: node
  linkType: hard

"@napi-rs/lzma-linux-x64-gnu@npm:1.4.3":
  version: 1.4.3
  resolution: "@napi-rs/lzma-linux-x64-gnu@npm:1.4.3"
  conditions: os=linux & cpu=x64 & libc=glibc
  languageName: node
  linkType: hard

"@napi-rs/lzma-linux-x64-musl@npm:1.4.3":
  version: 1.4.3
  resolution: "@napi-rs/lzma-linux-x64-musl@npm:1.4.3"
  conditions: os=linux & cpu=x64 & libc=musl
  languageName: node
  linkType: hard

"@napi-rs/lzma-wasm32-wasi@npm:1.4.3":
  version: 1.4.3
  resolution: "@napi-rs/lzma-wasm32-wasi@npm:1.4.3"
  dependencies:
    "@napi-rs/wasm-runtime": "npm:^0.2.10"
  conditions: cpu=wasm32
  languageName: node
  linkType: hard

"@napi-rs/lzma-win32-arm64-msvc@npm:1.4.3":
  version: 1.4.3
  resolution: "@napi-rs/lzma-win32-arm64-msvc@npm:1.4.3"
  conditions: os=win32 & cpu=arm64
  languageName: node
  linkType: hard

"@napi-rs/lzma-win32-ia32-msvc@npm:1.4.3":
  version: 1.4.3
  resolution: "@napi-rs/lzma-win32-ia32-msvc@npm:1.4.3"
  conditions: os=win32 & cpu=ia32
  languageName: node
  linkType: hard

"@napi-rs/lzma-win32-x64-msvc@npm:1.4.3":
  version: 1.4.3
  resolution: "@napi-rs/lzma-win32-x64-msvc@npm:1.4.3"
  conditions: os=win32 & cpu=x64
  languageName: node
  linkType: hard

"@napi-rs/lzma@npm:^1.4.1":
  version: 1.4.3
  resolution: "@napi-rs/lzma@npm:1.4.3"
  dependencies:
    "@napi-rs/lzma-android-arm-eabi": "npm:1.4.3"
    "@napi-rs/lzma-android-arm64": "npm:1.4.3"
    "@napi-rs/lzma-darwin-arm64": "npm:1.4.3"
    "@napi-rs/lzma-darwin-x64": "npm:1.4.3"
    "@napi-rs/lzma-freebsd-x64": "npm:1.4.3"
    "@napi-rs/lzma-linux-arm-gnueabihf": "npm:1.4.3"
    "@napi-rs/lzma-linux-arm64-gnu": "npm:1.4.3"
    "@napi-rs/lzma-linux-arm64-musl": "npm:1.4.3"
    "@napi-rs/lzma-linux-ppc64-gnu": "npm:1.4.3"
    "@napi-rs/lzma-linux-riscv64-gnu": "npm:1.4.3"
    "@napi-rs/lzma-linux-s390x-gnu": "npm:1.4.3"
    "@napi-rs/lzma-linux-x64-gnu": "npm:1.4.3"
    "@napi-rs/lzma-linux-x64-musl": "npm:1.4.3"
    "@napi-rs/lzma-wasm32-wasi": "npm:1.4.3"
    "@napi-rs/lzma-win32-arm64-msvc": "npm:1.4.3"
    "@napi-rs/lzma-win32-ia32-msvc": "npm:1.4.3"
    "@napi-rs/lzma-win32-x64-msvc": "npm:1.4.3"
  dependenciesMeta:
    "@napi-rs/lzma-android-arm-eabi":
      optional: true
    "@napi-rs/lzma-android-arm64":
      optional: true
    "@napi-rs/lzma-darwin-arm64":
      optional: true
    "@napi-rs/lzma-darwin-x64":
      optional: true
    "@napi-rs/lzma-freebsd-x64":
      optional: true
    "@napi-rs/lzma-linux-arm-gnueabihf":
      optional: true
    "@napi-rs/lzma-linux-arm64-gnu":
      optional: true
    "@napi-rs/lzma-linux-arm64-musl":
      optional: true
    "@napi-rs/lzma-linux-ppc64-gnu":
      optional: true
    "@napi-rs/lzma-linux-riscv64-gnu":
      optional: true
    "@napi-rs/lzma-linux-s390x-gnu":
      optional: true
    "@napi-rs/lzma-linux-x64-gnu":
      optional: true
    "@napi-rs/lzma-linux-x64-musl":
      optional: true
    "@napi-rs/lzma-wasm32-wasi":
      optional: true
    "@napi-rs/lzma-win32-arm64-msvc":
      optional: true
    "@napi-rs/lzma-win32-ia32-msvc":
      optional: true
    "@napi-rs/lzma-win32-x64-msvc":
      optional: true
  checksum: 10c0/7a9453547c1a864a06b899df5d91e8dd46694edd405482a1f952f76c1ed9f907866179410f9e0a64c244bf24ae7ef70c629a6b7cab3cbf80d7ff88c5dc21c8c4
  languageName: node
  linkType: hard

"@napi-rs/tar-android-arm-eabi@npm:0.1.5":
  version: 0.1.5
  resolution: "@napi-rs/tar-android-arm-eabi@npm:0.1.5"
  conditions: os=android & cpu=arm
  languageName: node
  linkType: hard

"@napi-rs/tar-android-arm64@npm:0.1.5":
  version: 0.1.5
  resolution: "@napi-rs/tar-android-arm64@npm:0.1.5"
  conditions: os=android & cpu=arm64
  languageName: node
  linkType: hard

"@napi-rs/tar-darwin-arm64@npm:0.1.5":
  version: 0.1.5
  resolution: "@napi-rs/tar-darwin-arm64@npm:0.1.5"
  conditions: os=darwin & cpu=arm64
  languageName: node
  linkType: hard

"@napi-rs/tar-darwin-x64@npm:0.1.5":
  version: 0.1.5
  resolution: "@napi-rs/tar-darwin-x64@npm:0.1.5"
  conditions: os=darwin & cpu=x64
  languageName: node
  linkType: hard

"@napi-rs/tar-freebsd-x64@npm:0.1.5":
  version: 0.1.5
  resolution: "@napi-rs/tar-freebsd-x64@npm:0.1.5"
  conditions: os=freebsd & cpu=x64
  languageName: node
  linkType: hard

"@napi-rs/tar-linux-arm-gnueabihf@npm:0.1.5":
  version: 0.1.5
  resolution: "@napi-rs/tar-linux-arm-gnueabihf@npm:0.1.5"
  conditions: os=linux & cpu=arm
  languageName: node
  linkType: hard

"@napi-rs/tar-linux-arm64-gnu@npm:0.1.5":
  version: 0.1.5
  resolution: "@napi-rs/tar-linux-arm64-gnu@npm:0.1.5"
  conditions: os=linux & cpu=arm64 & libc=glibc
  languageName: node
  linkType: hard

"@napi-rs/tar-linux-arm64-musl@npm:0.1.5":
  version: 0.1.5
  resolution: "@napi-rs/tar-linux-arm64-musl@npm:0.1.5"
  conditions: os=linux & cpu=arm64 & libc=musl
  languageName: node
  linkType: hard

"@napi-rs/tar-linux-ppc64-gnu@npm:0.1.5":
  version: 0.1.5
  resolution: "@napi-rs/tar-linux-ppc64-gnu@npm:0.1.5"
  conditions: os=linux & cpu=ppc64 & libc=glibc
  languageName: node
  linkType: hard

"@napi-rs/tar-linux-s390x-gnu@npm:0.1.5":
  version: 0.1.5
  resolution: "@napi-rs/tar-linux-s390x-gnu@npm:0.1.5"
  conditions: os=linux & cpu=s390x & libc=glibc
  languageName: node
  linkType: hard

"@napi-rs/tar-linux-x64-gnu@npm:0.1.5":
  version: 0.1.5
  resolution: "@napi-rs/tar-linux-x64-gnu@npm:0.1.5"
  conditions: os=linux & cpu=x64 & libc=glibc
  languageName: node
  linkType: hard

"@napi-rs/tar-linux-x64-musl@npm:0.1.5":
  version: 0.1.5
  resolution: "@napi-rs/tar-linux-x64-musl@npm:0.1.5"
  conditions: os=linux & cpu=x64 & libc=musl
  languageName: node
  linkType: hard

"@napi-rs/tar-wasm32-wasi@npm:0.1.5":
  version: 0.1.5
  resolution: "@napi-rs/tar-wasm32-wasi@npm:0.1.5"
  dependencies:
    "@napi-rs/wasm-runtime": "npm:^0.2.9"
  conditions: cpu=wasm32
  languageName: node
  linkType: hard

"@napi-rs/tar-win32-arm64-msvc@npm:0.1.5":
  version: 0.1.5
  resolution: "@napi-rs/tar-win32-arm64-msvc@npm:0.1.5"
  conditions: os=win32 & cpu=arm64
  languageName: node
  linkType: hard

"@napi-rs/tar-win32-ia32-msvc@npm:0.1.5":
  version: 0.1.5
  resolution: "@napi-rs/tar-win32-ia32-msvc@npm:0.1.5"
  conditions: os=win32 & cpu=ia32
  languageName: node
  linkType: hard

"@napi-rs/tar-win32-x64-msvc@npm:0.1.5":
  version: 0.1.5
  resolution: "@napi-rs/tar-win32-x64-msvc@npm:0.1.5"
  conditions: os=win32 & cpu=x64
  languageName: node
  linkType: hard

"@napi-rs/tar@npm:^0.1.4":
  version: 0.1.5
  resolution: "@napi-rs/tar@npm:0.1.5"
  dependencies:
    "@napi-rs/tar-android-arm-eabi": "npm:0.1.5"
    "@napi-rs/tar-android-arm64": "npm:0.1.5"
    "@napi-rs/tar-darwin-arm64": "npm:0.1.5"
    "@napi-rs/tar-darwin-x64": "npm:0.1.5"
    "@napi-rs/tar-freebsd-x64": "npm:0.1.5"
    "@napi-rs/tar-linux-arm-gnueabihf": "npm:0.1.5"
    "@napi-rs/tar-linux-arm64-gnu": "npm:0.1.5"
    "@napi-rs/tar-linux-arm64-musl": "npm:0.1.5"
    "@napi-rs/tar-linux-ppc64-gnu": "npm:0.1.5"
    "@napi-rs/tar-linux-s390x-gnu": "npm:0.1.5"
    "@napi-rs/tar-linux-x64-gnu": "npm:0.1.5"
    "@napi-rs/tar-linux-x64-musl": "npm:0.1.5"
    "@napi-rs/tar-wasm32-wasi": "npm:0.1.5"
    "@napi-rs/tar-win32-arm64-msvc": "npm:0.1.5"
    "@napi-rs/tar-win32-ia32-msvc": "npm:0.1.5"
    "@napi-rs/tar-win32-x64-msvc": "npm:0.1.5"
  dependenciesMeta:
    "@napi-rs/tar-android-arm-eabi":
      optional: true
    "@napi-rs/tar-android-arm64":
      optional: true
    "@napi-rs/tar-darwin-arm64":
      optional: true
    "@napi-rs/tar-darwin-x64":
      optional: true
    "@napi-rs/tar-freebsd-x64":
      optional: true
    "@napi-rs/tar-linux-arm-gnueabihf":
      optional: true
    "@napi-rs/tar-linux-arm64-gnu":
      optional: true
    "@napi-rs/tar-linux-arm64-musl":
      optional: true
    "@napi-rs/tar-linux-ppc64-gnu":
      optional: true
    "@napi-rs/tar-linux-s390x-gnu":
      optional: true
    "@napi-rs/tar-linux-x64-gnu":
      optional: true
    "@napi-rs/tar-linux-x64-musl":
      optional: true
    "@napi-rs/tar-wasm32-wasi":
      optional: true
    "@napi-rs/tar-win32-arm64-msvc":
      optional: true
    "@napi-rs/tar-win32-ia32-msvc":
      optional: true
    "@napi-rs/tar-win32-x64-msvc":
      optional: true
  checksum: 10c0/49f53a241ff5106739d49d29be7f25d54a421334dc1140806ea412aff6882761706e77f5e66bf1bf8df1a13fd9cd10ae4c2a8552a87a1aee7c3a5b930eb93221
  languageName: node
  linkType: hard

"@napi-rs/wasm-runtime@npm:^0.2.10, @napi-rs/wasm-runtime@npm:^0.2.7, @napi-rs/wasm-runtime@npm:^0.2.9":
  version: 0.2.12
  resolution: "@napi-rs/wasm-runtime@npm:0.2.12"
  dependencies:
    "@emnapi/core": "npm:^1.4.3"
    "@emnapi/runtime": "npm:^1.4.3"
    "@tybys/wasm-util": "npm:^0.10.0"
  checksum: 10c0/6d07922c0613aab30c6a497f4df297ca7c54e5b480e00035e0209b872d5c6aab7162fc49477267556109c2c7ed1eb9c65a174e27e9b87568106a87b0a6e3ca7d
  languageName: node
  linkType: hard

"@napi-rs/wasm-tools-android-arm-eabi@npm:0.0.3":
  version: 0.0.3
  resolution: "@napi-rs/wasm-tools-android-arm-eabi@npm:0.0.3"
  conditions: os=android & cpu=arm
  languageName: node
  linkType: hard

"@napi-rs/wasm-tools-android-arm64@npm:0.0.3":
  version: 0.0.3
  resolution: "@napi-rs/wasm-tools-android-arm64@npm:0.0.3"
  conditions: os=android & cpu=arm64
  languageName: node
  linkType: hard

"@napi-rs/wasm-tools-darwin-arm64@npm:0.0.3":
  version: 0.0.3
  resolution: "@napi-rs/wasm-tools-darwin-arm64@npm:0.0.3"
  conditions: os=darwin & cpu=arm64
  languageName: node
  linkType: hard

"@napi-rs/wasm-tools-darwin-x64@npm:0.0.3":
  version: 0.0.3
  resolution: "@napi-rs/wasm-tools-darwin-x64@npm:0.0.3"
  conditions: os=darwin & cpu=x64
  languageName: node
  linkType: hard

"@napi-rs/wasm-tools-freebsd-x64@npm:0.0.3":
  version: 0.0.3
  resolution: "@napi-rs/wasm-tools-freebsd-x64@npm:0.0.3"
  conditions: os=freebsd & cpu=x64
  languageName: node
  linkType: hard

"@napi-rs/wasm-tools-linux-arm64-gnu@npm:0.0.3":
  version: 0.0.3
  resolution: "@napi-rs/wasm-tools-linux-arm64-gnu@npm:0.0.3"
  conditions: os=linux & cpu=arm64 & libc=glibc
  languageName: node
  linkType: hard

"@napi-rs/wasm-tools-linux-arm64-musl@npm:0.0.3":
  version: 0.0.3
  resolution: "@napi-rs/wasm-tools-linux-arm64-musl@npm:0.0.3"
  conditions: os=linux & cpu=arm64 & libc=musl
  languageName: node
  linkType: hard

"@napi-rs/wasm-tools-linux-x64-gnu@npm:0.0.3":
  version: 0.0.3
  resolution: "@napi-rs/wasm-tools-linux-x64-gnu@npm:0.0.3"
  conditions: os=linux & cpu=x64 & libc=glibc
  languageName: node
  linkType: hard

"@napi-rs/wasm-tools-linux-x64-musl@npm:0.0.3":
  version: 0.0.3
  resolution: "@napi-rs/wasm-tools-linux-x64-musl@npm:0.0.3"
  conditions: os=linux & cpu=x64 & libc=musl
  languageName: node
  linkType: hard

"@napi-rs/wasm-tools-wasm32-wasi@npm:0.0.3":
  version: 0.0.3
  resolution: "@napi-rs/wasm-tools-wasm32-wasi@npm:0.0.3"
  dependencies:
    "@napi-rs/wasm-runtime": "npm:^0.2.7"
  conditions: cpu=wasm32
  languageName: node
  linkType: hard

"@napi-rs/wasm-tools-win32-arm64-msvc@npm:0.0.3":
  version: 0.0.3
  resolution: "@napi-rs/wasm-tools-win32-arm64-msvc@npm:0.0.3"
  conditions: os=win32 & cpu=arm64
  languageName: node
  linkType: hard

"@napi-rs/wasm-tools-win32-ia32-msvc@npm:0.0.3":
  version: 0.0.3
  resolution: "@napi-rs/wasm-tools-win32-ia32-msvc@npm:0.0.3"
  conditions: os=win32 & cpu=ia32
  languageName: node
  linkType: hard

"@napi-rs/wasm-tools-win32-x64-msvc@npm:0.0.3":
  version: 0.0.3
  resolution: "@napi-rs/wasm-tools-win32-x64-msvc@npm:0.0.3"
  conditions: os=win32 & cpu=x64
  languageName: node
  linkType: hard

"@napi-rs/wasm-tools@npm:^0.0.3":
  version: 0.0.3
  resolution: "@napi-rs/wasm-tools@npm:0.0.3"
  dependencies:
    "@napi-rs/wasm-tools-android-arm-eabi": "npm:0.0.3"
    "@napi-rs/wasm-tools-android-arm64": "npm:0.0.3"
    "@napi-rs/wasm-tools-darwin-arm64": "npm:0.0.3"
    "@napi-rs/wasm-tools-darwin-x64": "npm:0.0.3"
    "@napi-rs/wasm-tools-freebsd-x64": "npm:0.0.3"
    "@napi-rs/wasm-tools-linux-arm64-gnu": "npm:0.0.3"
    "@napi-rs/wasm-tools-linux-arm64-musl": "npm:0.0.3"
    "@napi-rs/wasm-tools-linux-x64-gnu": "npm:0.0.3"
    "@napi-rs/wasm-tools-linux-x64-musl": "npm:0.0.3"
    "@napi-rs/wasm-tools-wasm32-wasi": "npm:0.0.3"
    "@napi-rs/wasm-tools-win32-arm64-msvc": "npm:0.0.3"
    "@napi-rs/wasm-tools-win32-ia32-msvc": "npm:0.0.3"
    "@napi-rs/wasm-tools-win32-x64-msvc": "npm:0.0.3"
  dependenciesMeta:
    "@napi-rs/wasm-tools-android-arm-eabi":
      optional: true
    "@napi-rs/wasm-tools-android-arm64":
      optional: true
    "@napi-rs/wasm-tools-darwin-arm64":
      optional: true
    "@napi-rs/wasm-tools-darwin-x64":
      optional: true
    "@napi-rs/wasm-tools-freebsd-x64":
      optional: true
    "@napi-rs/wasm-tools-linux-arm64-gnu":
      optional: true
    "@napi-rs/wasm-tools-linux-arm64-musl":
      optional: true
    "@napi-rs/wasm-tools-linux-x64-gnu":
      optional: true
    "@napi-rs/wasm-tools-linux-x64-musl":
      optional: true
    "@napi-rs/wasm-tools-wasm32-wasi":
      optional: true
    "@napi-rs/wasm-tools-win32-arm64-msvc":
      optional: true
    "@napi-rs/wasm-tools-win32-ia32-msvc":
      optional: true
    "@napi-rs/wasm-tools-win32-x64-msvc":
      optional: true
  checksum: 10c0/ad0cf8ea9462a2fb6837666d1fdb4797089176ad8e6838f8fca4326f1f222a136380a4ce8e4366efa26febb0e3404ccb1890314f92751b274a93001368f70fcc
  languageName: node
  linkType: hard

"@octokit/auth-token@npm:^6.0.0":
  version: 6.0.0
  resolution: "@octokit/auth-token@npm:6.0.0"
  checksum: 10c0/32ecc904c5f6f4e5d090bfcc679d70318690c0a0b5040cd9a25811ad9dcd44c33f2cf96b6dbee1cd56cf58fde28fb1819c01b58718aa5c971f79c822357cb5c0
  languageName: node
  linkType: hard

"@octokit/core@npm:^7.0.2":
  version: 7.0.3
  resolution: "@octokit/core@npm:7.0.3"
  dependencies:
    "@octokit/auth-token": "npm:^6.0.0"
    "@octokit/graphql": "npm:^9.0.1"
    "@octokit/request": "npm:^10.0.2"
    "@octokit/request-error": "npm:^7.0.0"
    "@octokit/types": "npm:^14.0.0"
    before-after-hook: "npm:^4.0.0"
    universal-user-agent: "npm:^7.0.0"
  checksum: 10c0/51427b4c3337e15b394d60277b673c5628a72d245a23b1a446e4249d15e37983fa01d09f10c8ab281207e024929f4d2f6cc27a4d345ec0ece2df78d42586d846
  languageName: node
  linkType: hard

"@octokit/endpoint@npm:^11.0.0":
  version: 11.0.0
  resolution: "@octokit/endpoint@npm:11.0.0"
  dependencies:
    "@octokit/types": "npm:^14.0.0"
    universal-user-agent: "npm:^7.0.2"
  checksum: 10c0/ba929128af5327393fdb3a31f416277ae3036a44566d35955a4eddd484a15b5ddc6abe219a56355f3313c7197d59f4e8bf574a4f0a8680bc1c8725b88433d391
  languageName: node
  linkType: hard

"@octokit/graphql@npm:^9.0.1":
  version: 9.0.1
  resolution: "@octokit/graphql@npm:9.0.1"
  dependencies:
    "@octokit/request": "npm:^10.0.2"
    "@octokit/types": "npm:^14.0.0"
    universal-user-agent: "npm:^7.0.0"
  checksum: 10c0/d80ec923b7624e8a7c84430a287ff18da3c77058e3166ce8e9a67950af00e88767f85d973b4032fc837b67b72d02b323aff2d8f7eeae1ae463bde1a51ddcb83d
  languageName: node
  linkType: hard

"@octokit/openapi-types@npm:^25.1.0":
  version: 25.1.0
  resolution: "@octokit/openapi-types@npm:25.1.0"
  checksum: 10c0/b5b1293b11c6ec7112c7a2713f8507c2696d5db8902ce893b594080ab0329f5a6fcda1b5ac6fe6eed9425e897f4d03326c1bdf5c337e35d324e7b925e52a2661
  languageName: node
  linkType: hard

"@octokit/plugin-paginate-rest@npm:^13.0.1":
  version: 13.1.1
  resolution: "@octokit/plugin-paginate-rest@npm:13.1.1"
  dependencies:
    "@octokit/types": "npm:^14.1.0"
  peerDependencies:
    "@octokit/core": ">=6"
  checksum: 10c0/88d80608881df88f8e832856e9279ac1c1af30ced9adb7c847f4d120b4bb308c2ab9d791ffd4c9585759e57a938798b4c3f2f988a389f2d78a61aaaebc36ffa7
  languageName: node
  linkType: hard

"@octokit/plugin-request-log@npm:^6.0.0":
  version: 6.0.0
  resolution: "@octokit/plugin-request-log@npm:6.0.0"
  peerDependencies:
    "@octokit/core": ">=6"
  checksum: 10c0/40e46ad0c77235742d0bf698ab4e17df1ae06e0d7824ffc5867ed71e27de860875adb73d89629b823fe8647459a8f262c26ed1aa6ee374873fa94095f37df0bb
  languageName: node
  linkType: hard

"@octokit/plugin-rest-endpoint-methods@npm:^16.0.0":
  version: 16.0.0
  resolution: "@octokit/plugin-rest-endpoint-methods@npm:16.0.0"
  dependencies:
    "@octokit/types": "npm:^14.1.0"
  peerDependencies:
    "@octokit/core": ">=6"
  checksum: 10c0/6cfe068dbd550bd5914374e65b89482b9deac29f6c26bf02ab6298e956d95b62fc15a2a49dfc6ff76f5938c6ff7fdfe5b7eccdb7551eaff8b1daf7394bc946cb
  languageName: node
  linkType: hard

"@octokit/request-error@npm:^7.0.0":
  version: 7.0.0
  resolution: "@octokit/request-error@npm:7.0.0"
  dependencies:
    "@octokit/types": "npm:^14.0.0"
  checksum: 10c0/e52bdd832a0187d66b20da5716c374d028f63d824908a9e16cad462754324083839b11cf6956e1d23f6112d3c77f17334ebbd80f49d56840b2b03ed9abef8cb0
  languageName: node
  linkType: hard

"@octokit/request@npm:^10.0.2":
  version: 10.0.3
  resolution: "@octokit/request@npm:10.0.3"
  dependencies:
    "@octokit/endpoint": "npm:^11.0.0"
    "@octokit/request-error": "npm:^7.0.0"
    "@octokit/types": "npm:^14.0.0"
    fast-content-type-parse: "npm:^3.0.0"
    universal-user-agent: "npm:^7.0.2"
  checksum: 10c0/2d9b2134390ef3aa9fe0c5e659fe93dd94fbabc4dcc6da6e16998dc84b5bda200e6b7a4e178f567883d0ba99c0ea5a6d095a417d86d76854569196c39d2f9a6d
  languageName: node
  linkType: hard

"@octokit/rest@npm:^22.0.0":
  version: 22.0.0
  resolution: "@octokit/rest@npm:22.0.0"
  dependencies:
    "@octokit/core": "npm:^7.0.2"
    "@octokit/plugin-paginate-rest": "npm:^13.0.1"
    "@octokit/plugin-request-log": "npm:^6.0.0"
    "@octokit/plugin-rest-endpoint-methods": "npm:^16.0.0"
  checksum: 10c0/aea3714301f43fbadb22048045a7aef417cdefa997d1baf0b26860eaa9038fb033f7d4299eab06af57a03433871084cf38144fc5414caf80accce714e76d34e2
  languageName: node
  linkType: hard

"@octokit/types@npm:^14.0.0, @octokit/types@npm:^14.1.0":
  version: 14.1.0
  resolution: "@octokit/types@npm:14.1.0"
  dependencies:
    "@octokit/openapi-types": "npm:^25.1.0"
  checksum: 10c0/4640a6c0a95386be4d015b96c3a906756ea657f7df3c6e706d19fea6bf3ac44fd2991c8c817afe1e670ff9042b85b0e06f7fd373f6bbd47da64208701bb46d5b
  languageName: node
  linkType: hard

"@tybys/wasm-util@npm:^0.10.0":
  version: 0.10.0
  resolution: "@tybys/wasm-util@npm:0.10.0"
  dependencies:
    tslib: "npm:^2.4.0"
  checksum: 10c0/044feba55c1e2af703aa4946139969badb183ce1a659a75ed60bc195a90e73a3f3fc53bcd643497c9954597763ddb051fec62f80962b2ca6fc716ba897dc696e
  languageName: node
  linkType: hard

"ansi-escapes@npm:^4.3.2":
  version: 4.3.2
  resolution: "ansi-escapes@npm:4.3.2"
  dependencies:
    type-fest: "npm:^0.21.3"
  checksum: 10c0/da917be01871525a3dfcf925ae2977bc59e8c513d4423368645634bf5d4ceba5401574eb705c1e92b79f7292af5a656f78c5725a4b0e1cec97c4b413705c1d50
  languageName: node
  linkType: hard

"ansi-regex@npm:^5.0.1":
  version: 5.0.1
  resolution: "ansi-regex@npm:5.0.1"
  checksum: 10c0/9a64bb8627b434ba9327b60c027742e5d17ac69277960d041898596271d992d4d52ba7267a63ca10232e29f6107fc8a835f6ce8d719b88c5f8493f8254813737
  languageName: node
  linkType: hard

"ansi-styles@npm:^4.0.0":
  version: 4.3.0
  resolution: "ansi-styles@npm:4.3.0"
  dependencies:
    color-convert: "npm:^2.0.1"
  checksum: 10c0/895a23929da416f2bd3de7e9cb4eabd340949328ab85ddd6e484a637d8f6820d485f53933446f5291c3b760cbc488beb8e88573dd0f9c7daf83dccc8fe81b041
  languageName: node
  linkType: hard

"argparse@npm:^2.0.1":
  version: 2.0.1
  resolution: "argparse@npm:2.0.1"
  checksum: 10c0/c5640c2d89045371c7cedd6a70212a04e360fd34d6edeae32f6952c63949e3525ea77dbec0289d8213a99bbaeab5abfa860b5c12cf88a2e6cf8106e90dd27a7e
  languageName: node
  linkType: hard

"before-after-hook@npm:^4.0.0":
  version: 4.0.0
  resolution: "before-after-hook@npm:4.0.0"
  checksum: 10c0/9f8ae8d1b06142bcfb9ef6625226b5e50348bb11210f266660eddcf9734e0db6f9afc4cb48397ee3f5ac0a3728f3ae401cdeea88413f7bed748a71db84657be2
  languageName: node
  linkType: hard

"chardet@npm:^0.7.0":
  version: 0.7.0
  resolution: "chardet@npm:0.7.0"
  checksum: 10c0/96e4731b9ec8050cbb56ab684e8c48d6c33f7826b755802d14e3ebfdc51c57afeece3ea39bc6b09acc359e4363525388b915e16640c1378053820f5e70d0f27d
  languageName: node
  linkType: hard

"cli-width@npm:^4.1.0":
  version: 4.1.0
  resolution: "cli-width@npm:4.1.0"
  checksum: 10c0/1fbd56413578f6117abcaf858903ba1f4ad78370a4032f916745fa2c7e390183a9d9029cf837df320b0fdce8137668e522f60a30a5f3d6529ff3872d265a955f
  languageName: node
  linkType: hard

"clipanion@npm:^4.0.0-rc.4":
  version: 4.0.0-rc.4
  resolution: "clipanion@npm:4.0.0-rc.4"
  dependencies:
    typanion: "npm:^3.8.0"
  peerDependencies:
    typanion: "*"
  checksum: 10c0/047b415b59a5e9777d00690fba563ccc850eca6bf27790a88d1deea3ecc8a89840ae9aed554ff284cc698a9f3f20256e43c25ff4a7c4c90a71e5e7d9dca61dd1
  languageName: node
  linkType: hard

"color-convert@npm:^2.0.1":
  version: 2.0.1
  resolution: "color-convert@npm:2.0.1"
  dependencies:
    color-name: "npm:~1.1.4"
  checksum: 10c0/37e1150172f2e311fe1b2df62c6293a342ee7380da7b9cfdba67ea539909afbd74da27033208d01d6d5cfc65ee7868a22e18d7e7648e004425441c0f8a15a7d7
  languageName: node
  linkType: hard

"color-name@npm:~1.1.4":
  version: 1.1.4
  resolution: "color-name@npm:1.1.4"
  checksum: 10c0/a1a3f914156960902f46f7f56bc62effc6c94e84b2cae157a526b1c1f74b677a47ec602bf68a61abfa2b42d15b7c5651c6dbe72a43af720bc588dff885b10f95
  languageName: node
  linkType: hard

"colorette@npm:^2.0.20":
  version: 2.0.20
  resolution: "colorette@npm:2.0.20"
  checksum: 10c0/e94116ff33b0ff56f3b83b9ace895e5bf87c2a7a47b3401b8c3f3226e050d5ef76cf4072fb3325f9dc24d1698f9b730baf4e05eeaf861d74a1883073f4c98a40
  languageName: node
  linkType: hard

"debug@npm:^4.4.0":
  version: 4.4.1
  resolution: "debug@npm:4.4.1"
  dependencies:
    ms: "npm:^2.1.3"
  peerDependenciesMeta:
    supports-color:
      optional: true
  checksum: 10c0/d2b44bc1afd912b49bb7ebb0d50a860dc93a4dd7d946e8de94abc957bb63726b7dd5aa48c18c2386c379ec024c46692e15ed3ed97d481729f929201e671fcd55
  languageName: node
  linkType: hard

"demo-napi@workspace:.":
  version: 0.0.0-use.local
  resolution: "demo-napi@workspace:."
  dependencies:
    "@napi-rs/cli": "npm:^3.0.0"
  languageName: unknown
  linkType: soft

"emnapi@npm:^1.4.0":
  version: 1.4.4
  resolution: "emnapi@npm:1.4.4"
  peerDependencies:
    node-addon-api: ">= 6.1.0"
  peerDependenciesMeta:
    node-addon-api:
      optional: true
  checksum: 10c0/4f722f794a08d62ca1e84770084ce9b6e40cd06d028ed5350cc4eb6ed0294933a04aefc70fa3f36beed6f75fd77dcaeae8203ad73c5403f445e1587291ff1bd1
  languageName: node
  linkType: hard

"emoji-regex@npm:^8.0.0":
  version: 8.0.0
  resolution: "emoji-regex@npm:8.0.0"
  checksum: 10c0/b6053ad39951c4cf338f9092d7bfba448cdfd46fe6a2a034700b149ac9ffbc137e361cbd3c442297f86bed2e5f7576c1b54cc0a6bf8ef5106cc62f496af35010
  languageName: node
  linkType: hard

"external-editor@npm:^3.1.0":
  version: 3.1.0
  resolution: "external-editor@npm:3.1.0"
  dependencies:
    chardet: "npm:^0.7.0"
    iconv-lite: "npm:^0.4.24"
    tmp: "npm:^0.0.33"
  checksum: 10c0/c98f1ba3efdfa3c561db4447ff366a6adb5c1e2581462522c56a18bf90dfe4da382f9cd1feee3e330108c3595a854b218272539f311ba1b3298f841eb0fbf339
  languageName: node
  linkType: hard

"fast-content-type-parse@npm:^3.0.0":
  version: 3.0.0
  resolution: "fast-content-type-parse@npm:3.0.0"
  checksum: 10c0/06251880c83b7118af3a5e66e8bcee60d44f48b39396fc60acc2b4630bd5f3e77552b999b5c8e943d45a818854360e5e97164c374ec4b562b4df96a2cdf2e188
  languageName: node
  linkType: hard

"find-up@npm:^7.0.0":
  version: 7.0.0
  resolution: "find-up@npm:7.0.0"
  dependencies:
    locate-path: "npm:^7.2.0"
    path-exists: "npm:^5.0.0"
    unicorn-magic: "npm:^0.1.0"
  checksum: 10c0/e6ee3e6154560bc0ab3bc3b7d1348b31513f9bdf49a5dd2e952495427d559fa48cdf33953e85a309a323898b43fa1bfbc8b80c880dfc16068384783034030008
  languageName: node
  linkType: hard

"iconv-lite@npm:^0.4.24":
  version: 0.4.24
  resolution: "iconv-lite@npm:0.4.24"
  dependencies:
    safer-buffer: "npm:>= 2.1.2 < 3"
  checksum: 10c0/c6886a24cc00f2a059767440ec1bc00d334a89f250db8e0f7feb4961c8727118457e27c495ba94d082e51d3baca378726cd110aaf7ded8b9bbfd6a44760cf1d4
  languageName: node
  linkType: hard

"is-fullwidth-code-point@npm:^3.0.0":
  version: 3.0.0
  resolution: "is-fullwidth-code-point@npm:3.0.0"
  checksum: 10c0/bb11d825e049f38e04c06373a8d72782eee0205bda9d908cc550ccb3c59b99d750ff9537982e01733c1c94a58e35400661f57042158ff5e8f3e90cf936daf0fc
  languageName: node
  linkType: hard

"js-yaml@npm:^4.1.0":
  version: 4.1.0
  resolution: "js-yaml@npm:4.1.0"
  dependencies:
    argparse: "npm:^2.0.1"
  bin:
    js-yaml: bin/js-yaml.js
  checksum: 10c0/184a24b4eaacfce40ad9074c64fd42ac83cf74d8c8cd137718d456ced75051229e5061b8633c3366b8aada17945a7a356b337828c19da92b51ae62126575018f
  languageName: node
  linkType: hard

"locate-path@npm:^7.2.0":
  version: 7.2.0
  resolution: "locate-path@npm:7.2.0"
  dependencies:
    p-locate: "npm:^6.0.0"
  checksum: 10c0/139e8a7fe11cfbd7f20db03923cacfa5db9e14fa14887ea121345597472b4a63c1a42a8a5187defeeff6acf98fd568da7382aa39682d38f0af27433953a97751
  languageName: node
  linkType: hard

"lodash-es@npm:^4.17.21":
  version: 4.17.21
  resolution: "lodash-es@npm:4.17.21"
  checksum: 10c0/fb407355f7e6cd523a9383e76e6b455321f0f153a6c9625e21a8827d10c54c2a2341bd2ae8d034358b60e07325e1330c14c224ff582d04612a46a4f0479ff2f2
  languageName: node
  linkType: hard

"ms@npm:^2.1.3":
  version: 2.1.3
  resolution: "ms@npm:2.1.3"
  checksum: 10c0/d924b57e7312b3b63ad21fc5b3dc0af5e78d61a1fc7cfb5457edaf26326bf62be5307cc87ffb6862ef1c2b33b0233cdb5d4f01c4c958cc0d660948b65a287a48
  languageName: node
  linkType: hard

"mute-stream@npm:^2.0.0":
  version: 2.0.0
  resolution: "mute-stream@npm:2.0.0"
  checksum: 10c0/2cf48a2087175c60c8dcdbc619908b49c07f7adcfc37d29236b0c5c612d6204f789104c98cc44d38acab7b3c96f4a3ec2cfdc4934d0738d876dbefa2a12c69f4
  languageName: node
  linkType: hard

"os-tmpdir@npm:~1.0.2":
  version: 1.0.2
  resolution: "os-tmpdir@npm:1.0.2"
  checksum: 10c0/f438450224f8e2687605a8dd318f0db694b6293c5d835ae509a69e97c8de38b6994645337e5577f5001115470414638978cc49da1cdcc25106dad8738dc69990
  languageName: node
  linkType: hard

"p-limit@npm:^4.0.0":
  version: 4.0.0
  resolution: "p-limit@npm:4.0.0"
  dependencies:
    yocto-queue: "npm:^1.0.0"
  checksum: 10c0/a56af34a77f8df2ff61ddfb29431044557fcbcb7642d5a3233143ebba805fc7306ac1d448de724352861cb99de934bc9ab74f0d16fe6a5460bdbdf938de875ad
  languageName: node
  linkType: hard

"p-locate@npm:^6.0.0":
  version: 6.0.0
  resolution: "p-locate@npm:6.0.0"
  dependencies:
    p-limit: "npm:^4.0.0"
  checksum: 10c0/d72fa2f41adce59c198270aa4d3c832536c87a1806e0f69dffb7c1a7ca998fb053915ca833d90f166a8c082d3859eabfed95f01698a3214c20df6bb8de046312
  languageName: node
  linkType: hard

"path-exists@npm:^5.0.0":
  version: 5.0.0
  resolution: "path-exists@npm:5.0.0"
  checksum: 10c0/b170f3060b31604cde93eefdb7392b89d832dfbc1bed717c9718cbe0f230c1669b7e75f87e19901da2250b84d092989a0f9e44d2ef41deb09aa3ad28e691a40a
  languageName: node
  linkType: hard

"safer-buffer@npm:>= 2.1.2 < 3":
  version: 2.1.2
  resolution: "safer-buffer@npm:2.1.2"
  checksum: 10c0/7e3c8b2e88a1841c9671094bbaeebd94448111dd90a81a1f606f3f67708a6ec57763b3b47f06da09fc6054193e0e6709e77325415dc8422b04497a8070fa02d4
  languageName: node
  linkType: hard

"semver@npm:^7.7.1":
  version: 7.7.2
  resolution: "semver@npm:7.7.2"
  bin:
    semver: bin/semver.js
  checksum: 10c0/aca305edfbf2383c22571cb7714f48cadc7ac95371b4b52362fb8eeffdfbc0de0669368b82b2b15978f8848f01d7114da65697e56cd8c37b0dab8c58e543f9ea
  languageName: node
  linkType: hard

"signal-exit@npm:^4.1.0":
  version: 4.1.0
  resolution: "signal-exit@npm:4.1.0"
  checksum: 10c0/41602dce540e46d599edba9d9860193398d135f7ff72cab629db5171516cfae628d21e7bfccde1bbfdf11c48726bc2a6d1a8fb8701125852fbfda7cf19c6aa83
  languageName: node
  linkType: hard

"string-width@npm:^4.1.0":
  version: 4.2.3
  resolution: "string-width@npm:4.2.3"
  dependencies:
    emoji-regex: "npm:^8.0.0"
    is-fullwidth-code-point: "npm:^3.0.0"
    strip-ansi: "npm:^6.0.1"
  checksum: 10c0/1e525e92e5eae0afd7454086eed9c818ee84374bb80328fc41217ae72ff5f065ef1c9d7f72da41de40c75fa8bb3dee63d92373fd492c84260a552c636392a47b
  languageName: node
  linkType: hard

"strip-ansi@npm:^6.0.0, strip-ansi@npm:^6.0.1":
  version: 6.0.1
  resolution: "strip-ansi@npm:6.0.1"
  dependencies:
    ansi-regex: "npm:^5.0.1"
  checksum: 10c0/1ae5f212a126fe5b167707f716942490e3933085a5ff6c008ab97ab2f272c8025d3aa218b7bd6ab25729ca20cc81cddb252102f8751e13482a5199e873680952
  languageName: node
  linkType: hard

"tmp@npm:^0.0.33":
  version: 0.0.33
  resolution: "tmp@npm:0.0.33"
  dependencies:
    os-tmpdir: "npm:~1.0.2"
  checksum: 10c0/69863947b8c29cabad43fe0ce65cec5bb4b481d15d4b4b21e036b060b3edbf3bc7a5541de1bacb437bb3f7c4538f669752627fdf9b4aaf034cebd172ba373408
  languageName: node
  linkType: hard

"tslib@npm:^2.4.0":
  version: 2.8.1
  resolution: "tslib@npm:2.8.1"
  checksum: 10c0/9c4759110a19c53f992d9aae23aac5ced636e99887b51b9e61def52611732872ff7668757d4e4c61f19691e36f4da981cd9485e869b4a7408d689f6bf1f14e62
  languageName: node
  linkType: hard

"typanion@npm:^3.14.0, typanion@npm:^3.8.0":
  version: 3.14.0
  resolution: "typanion@npm:3.14.0"
  checksum: 10c0/8b03b19844e6955bfd906c31dc781bae6d7f1fb3ce4fe24b7501557013d4889ae5cefe671dafe98d87ead0adceb8afcb8bc16df7dc0bd2b7331bac96f3a7cae2
  languageName: node
  linkType: hard

"type-fest@npm:^0.21.3":
  version: 0.21.3
  resolution: "type-fest@npm:0.21.3"
  checksum: 10c0/902bd57bfa30d51d4779b641c2bc403cdf1371fb9c91d3c058b0133694fcfdb817aef07a47f40faf79039eecbaa39ee9d3c532deff244f3a19ce68cea71a61e8
  languageName: node
  linkType: hard

"unicorn-magic@npm:^0.1.0":
  version: 0.1.0
  resolution: "unicorn-magic@npm:0.1.0"
  checksum: 10c0/e4ed0de05b0a05e735c7d8a2930881e5efcfc3ec897204d5d33e7e6247f4c31eac92e383a15d9a6bccb7319b4271ee4bea946e211bf14951fec6ff2cbbb66a92
  languageName: node
  linkType: hard

"universal-user-agent@npm:^7.0.0, universal-user-agent@npm:^7.0.2":
  version: 7.0.3
  resolution: "universal-user-agent@npm:7.0.3"
  checksum: 10c0/6043be466a9bb96c0ce82392842d9fddf4c37e296f7bacc2cb25f47123990eb436c82df824644f9c5070a94dbdb117be17f66d54599ab143648ec57ef93dbcc8
  languageName: node
  linkType: hard

"wasm-sjlj@npm:^1.0.6":
  version: 1.0.6
  resolution: "wasm-sjlj@npm:1.0.6"
  checksum: 10c0/e1172736ca02af383e838ce396b6cc7fc8814d7cc313b30b721c513a79140313cebadb094b9e76d13e27cc679cde72df4e660dbdc5033e8cf66cf0bd176024dd
  languageName: node
  linkType: hard

"wrap-ansi@npm:^6.2.0":
  version: 6.2.0
  resolution: "wrap-ansi@npm:6.2.0"
  dependencies:
    ansi-styles: "npm:^4.0.0"
    string-width: "npm:^4.1.0"
    strip-ansi: "npm:^6.0.0"
  checksum: 10c0/baad244e6e33335ea24e86e51868fe6823626e3a3c88d9a6674642afff1d34d9a154c917e74af8d845fd25d170c4ea9cf69a47133c3f3656e1252b3d462d9f6c
  languageName: node
  linkType: hard

"yocto-queue@npm:^1.0.0":
  version: 1.2.1
  resolution: "yocto-queue@npm:1.2.1"
  checksum: 10c0/5762caa3d0b421f4bdb7a1926b2ae2189fc6e4a14469258f183600028eb16db3e9e0306f46e8ebf5a52ff4b81a881f22637afefbef5399d6ad440824e9b27f9f
  languageName: node
  linkType: hard

"yoctocolors-cjs@npm:^2.1.2":
  version: 2.1.2
  resolution: "yoctocolors-cjs@npm:2.1.2"
  checksum: 10c0/a0e36eb88fea2c7981eab22d1ba45e15d8d268626e6c4143305e2c1628fa17ebfaa40cd306161a8ce04c0a60ee0262058eab12567493d5eb1409780853454c6f
  languageName: node
  linkType: hard
