# This file is generated by running "yarn install" inside your project.
# Manual changes might be lost - proceed with caution!

__metadata:
  version: 8
  cacheKey: 10c0

"@napi-rs/cli@npm:^2.16.3":
  version: 2.18.1
  resolution: "@napi-rs/cli@npm:2.18.1"
  bin:
    napi: scripts/index.js
  checksum: 10c0/5923cba5f9a3d00fb70689b69a7c389437dd7042b49b05c00df098176ed1fa3232ce3dc2ddbd02912142c8c899fa7c74b99b9bf324962dd124fd45abc4dc331a
  languageName: node
  linkType: hard

"demo-napi@workspace:.":
  version: 0.0.0-use.local
  resolution: "demo-napi@workspace:."
  dependencies:
    "@napi-rs/cli": "npm:^2.16.3"
  languageName: unknown
  linkType: soft
